
Microsoft Visual Studio Solution File, Format Version 12.00
# Visual Studio Version 17
VisualStudioVersion = 17.10.34928.147
MinimumVisualStudioVersion = 10.0.40219.1
Project("{FAE04EC0-301F-11D3-BF4B-00C04F79EFBC}") = "HRServices", "HRServices\HRServices.csproj", "{45101FFE-42ED-419A-B4F7-3D7121339A0F}"
EndProject
Global
	GlobalSection(SolutionConfigurationPlatforms) = preSolution
		Debug|Any CPU = Debug|Any CPU
		Release|Any CPU = Release|Any CPU
	EndGlobalSection
	GlobalSection(ProjectConfigurationPlatforms) = postSolution
		{45101FFE-42ED-419A-B4F7-3D7121339A0F}.Debug|Any CPU.ActiveCfg = Debug|Any CPU
		{45101FFE-42ED-419A-B4F7-3D7121339A0F}.Debug|Any CPU.Build.0 = Debug|Any CPU
		{45101FFE-42ED-419A-B4F7-3D7121339A0F}.Release|Any CPU.ActiveCfg = Release|Any CPU
		{45101FFE-42ED-419A-B4F7-3D7121339A0F}.Release|Any CPU.Build.0 = Release|Any CPU
	EndGlobalSection
	GlobalSection(SolutionProperties) = preSolution
		HideSolutionNode = FALSE
	EndGlobalSection
	GlobalSection(ExtensibilityGlobals) = postSolution
		SolutionGuid = {B786826A-035B-464B-8423-357A8F0ADBEE}
	EndGlobalSection
EndGlobal
